<?xml version="1.0" encoding="utf-8"?>
<Project ToolsVersion="4.0" xmlns="http://schemas.microsoft.com/developer/msbuild/2003">
  <ItemGroup>
    <Filter Include="include">
      <UniqueIdentifier>{fe82bd4a-2d14-486a-8be5-8bf6b50a2414}</UniqueIdentifier>
    </Filter>
    <Filter Include="src">
      <UniqueIdentifier>{baf66391-8a61-45f5-a977-c9ca653d967f}</UniqueIdentifier>
    </Filter>
  </ItemGroup>
  <ItemGroup>
    <ClInclude Include="include\keyboard.h" />
    <ClInclude Include="include\script.h" />
    <ClInclude Include="sdk\inc\main.h" />
    <ClInclude Include="sdk\inc\nativeCaller.h" />
    <ClInclude Include="sdk\inc\natives.h" />
    <ClInclude Include="sdk\inc\types.h" />
    <ClInclude Include="include\SoftCores\enums.h" />
    <ClInclude Include="include\SoftCores\logger.h" />
    <ClInclude Include="include\SoftCores\plr.h" />
    <ClInclude Include="include\SoftCores\mathutil.h" />
    <ClInclude Include="include\SoftCores\keys.h" />
    <ClInclude Include="sdk\inc\enums.h" />
    <ClInclude Include="include\SoftCores\file.h" />
    <ClInclude Include="include\SoftCores\weapons.h" />
    <ClInclude Include="include\SoftCores\world.h" />
    <ClInclude Include="include\SoftCores\ui.h" />
    <ClInclude Include="include\SoftCores\temperature.h" />
  </ItemGroup>
  <ItemGroup>
    <ClCompile Include="src\keyboard.cpp" />
    <ClCompile Include="src\main.cpp" />
    <ClCompile Include="src\script.cpp" />
    <ClCompile Include="src\SoftCores\file.cpp" />
    <ClCompile Include="src\SoftCores\logger.cpp" />
    <ClCompile Include="src\SoftCores\mathutil.cpp" />
    <ClCompile Include="src\SoftCores\plr.cpp" />
    <ClCompile Include="src\SoftCores\keys.cpp" />
    <ClCompile Include="src\SoftCores\weapons.cpp" />
    <ClCompile Include="src\SoftCores\world.cpp" />
    <ClCompile Include="src\SoftCores\ui.cpp" />
    <ClCompile Include="src\SoftCores\temperature.cpp" />
  </ItemGroup>
  <ItemGroup>
    <None Include=".gitattributes" />
    <None Include=".gitignore" />
    <None Include="README.md" />
  </ItemGroup>
  <ItemGroup>
    <Library Include="sdk\lib\ScriptHookRDR2.lib" />
  </ItemGroup>
  <ItemGroup>
    <CopyFileToFolders Include="config\SoftCores.ini" />
  </ItemGroup>
</Project>